
Microsoft Visual Studio Solution File, Format Version 12.00
# Visual Studio Version 16
VisualStudioVersion = 16.0.31005.135
MinimumVisualStudioVersion = 10.0.40219.1
Project("{FAE04EC0-301F-11D3-BF4B-00C04F79EFBC}") = "TeX-Match", "TeX-Match.csproj", "{99E476AF-A884-4FF2-950B-EFB5EAF3FBCE}"
EndProject
Project("{9A19103F-16F7-4668-BE54-9A1E7A4F7556}") = "TeX-Match.Core", "..\TeX-Match.Core\TeX-Match.Core.csproj", "{1750451C-1FA8-4F18-AB2B-E8BB5E1CFD17}"
EndProject
Global
	GlobalSection(SolutionConfigurationPlatforms) = preSolution
		Debug|Any CPU = Debug|Any CPU
		Debug|ARM = Debug|ARM
		Debug|ARM64 = Debug|ARM64
		Debug|x64 = Debug|x64
		Debug|x86 = Debug|x86
		Release|Any CPU = Release|Any CPU
		Release|ARM = Release|ARM
		Release|ARM64 = Release|ARM64
		Release|x64 = Release|x64
		Release|x86 = Release|x86
	EndGlobalSection
	GlobalSection(ProjectConfigurationPlatforms) = postSolution
		{99E476AF-A884-4FF2-950B-EFB5EAF3FBCE}.Debug|Any CPU.ActiveCfg = Debug|x86
		{99E476AF-A884-4FF2-950B-EFB5EAF3FBCE}.Debug|ARM.ActiveCfg = Debug|ARM
		{99E476AF-A884-4FF2-950B-EFB5EAF3FBCE}.Debug|ARM.Build.0 = Debug|ARM
		{99E476AF-A884-4FF2-950B-EFB5EAF3FBCE}.Debug|ARM.Deploy.0 = Debug|ARM
		{99E476AF-A884-4FF2-950B-EFB5EAF3FBCE}.Debug|ARM64.ActiveCfg = Debug|ARM64
		{99E476AF-A884-4FF2-950B-EFB5EAF3FBCE}.Debug|ARM64.Build.0 = Debug|ARM64
		{99E476AF-A884-4FF2-950B-EFB5EAF3FBCE}.Debug|ARM64.Deploy.0 = Debug|ARM64
		{99E476AF-A884-4FF2-950B-EFB5EAF3FBCE}.Debug|x64.ActiveCfg = Debug|x64
		{99E476AF-A884-4FF2-950B-EFB5EAF3FBCE}.Debug|x64.Build.0 = Debug|x64
		{99E476AF-A884-4FF2-950B-EFB5EAF3FBCE}.Debug|x64.Deploy.0 = Debug|x64
		{99E476AF-A884-4FF2-950B-EFB5EAF3FBCE}.Debug|x86.ActiveCfg = Debug|x86
		{99E476AF-A884-4FF2-950B-EFB5EAF3FBCE}.Debug|x86.Build.0 = Debug|x86
		{99E476AF-A884-4FF2-950B-EFB5EAF3FBCE}.Debug|x86.Deploy.0 = Debug|x86
		{99E476AF-A884-4FF2-950B-EFB5EAF3FBCE}.Release|Any CPU.ActiveCfg = Release|x86
		{99E476AF-A884-4FF2-950B-EFB5EAF3FBCE}.Release|ARM.ActiveCfg = Release|ARM
		{99E476AF-A884-4FF2-950B-EFB5EAF3FBCE}.Release|ARM.Build.0 = Release|ARM
		{99E476AF-A884-4FF2-950B-EFB5EAF3FBCE}.Release|ARM.Deploy.0 = Release|ARM
		{99E476AF-A884-4FF2-950B-EFB5EAF3FBCE}.Release|ARM64.ActiveCfg = Release|ARM64
		{99E476AF-A884-4FF2-950B-EFB5EAF3FBCE}.Release|ARM64.Build.0 = Release|ARM64
		{99E476AF-A884-4FF2-950B-EFB5EAF3FBCE}.Release|ARM64.Deploy.0 = Release|ARM64
		{99E476AF-A884-4FF2-950B-EFB5EAF3FBCE}.Release|x64.ActiveCfg = Release|x64
		{99E476AF-A884-4FF2-950B-EFB5EAF3FBCE}.Release|x64.Build.0 = Release|x64
		{99E476AF-A884-4FF2-950B-EFB5EAF3FBCE}.Release|x64.Deploy.0 = Release|x64
		{99E476AF-A884-4FF2-950B-EFB5EAF3FBCE}.Release|x86.ActiveCfg = Release|x86
		{99E476AF-A884-4FF2-950B-EFB5EAF3FBCE}.Release|x86.Build.0 = Release|x86
		{99E476AF-A884-4FF2-950B-EFB5EAF3FBCE}.Release|x86.Deploy.0 = Release|x86
		{1750451C-1FA8-4F18-AB2B-E8BB5E1CFD17}.Debug|Any CPU.ActiveCfg = Debug|Any CPU
		{1750451C-1FA8-4F18-AB2B-E8BB5E1CFD17}.Debug|Any CPU.Build.0 = Debug|Any CPU
		{1750451C-1FA8-4F18-AB2B-E8BB5E1CFD17}.Debug|ARM.ActiveCfg = Debug|Any CPU
		{1750451C-1FA8-4F18-AB2B-E8BB5E1CFD17}.Debug|ARM.Build.0 = Debug|Any CPU
		{1750451C-1FA8-4F18-AB2B-E8BB5E1CFD17}.Debug|ARM64.ActiveCfg = Debug|Any CPU
		{1750451C-1FA8-4F18-AB2B-E8BB5E1CFD17}.Debug|ARM64.Build.0 = Debug|Any CPU
		{1750451C-1FA8-4F18-AB2B-E8BB5E1CFD17}.Debug|x64.ActiveCfg = Debug|Any CPU
		{1750451C-1FA8-4F18-AB2B-E8BB5E1CFD17}.Debug|x64.Build.0 = Debug|Any CPU
		{1750451C-1FA8-4F18-AB2B-E8BB5E1CFD17}.Debug|x86.ActiveCfg = Debug|Any CPU
		{1750451C-1FA8-4F18-AB2B-E8BB5E1CFD17}.Debug|x86.Build.0 = Debug|Any CPU
		{1750451C-1FA8-4F18-AB2B-E8BB5E1CFD17}.Release|Any CPU.ActiveCfg = Release|Any CPU
		{1750451C-1FA8-4F18-AB2B-E8BB5E1CFD17}.Release|Any CPU.Build.0 = Release|Any CPU
		{1750451C-1FA8-4F18-AB2B-E8BB5E1CFD17}.Release|ARM.ActiveCfg = Release|Any CPU
		{1750451C-1FA8-4F18-AB2B-E8BB5E1CFD17}.Release|ARM.Build.0 = Release|Any CPU
		{1750451C-1FA8-4F18-AB2B-E8BB5E1CFD17}.Release|ARM64.ActiveCfg = Release|Any CPU
		{1750451C-1FA8-4F18-AB2B-E8BB5E1CFD17}.Release|ARM64.Build.0 = Release|Any CPU
		{1750451C-1FA8-4F18-AB2B-E8BB5E1CFD17}.Release|x64.ActiveCfg = Release|Any CPU
		{1750451C-1FA8-4F18-AB2B-E8BB5E1CFD17}.Release|x64.Build.0 = Release|Any CPU
		{1750451C-1FA8-4F18-AB2B-E8BB5E1CFD17}.Release|x86.ActiveCfg = Release|Any CPU
		{1750451C-1FA8-4F18-AB2B-E8BB5E1CFD17}.Release|x86.Build.0 = Release|Any CPU
	EndGlobalSection
	GlobalSection(SolutionProperties) = preSolution
		HideSolutionNode = FALSE
	EndGlobalSection
	GlobalSection(ExtensibilityGlobals) = postSolution
		SolutionGuid = {C55F06D6-ADC8-4F64-8209-701516DF05F7}
	EndGlobalSection
EndGlobal
